
Microsoft Visual Studio Solution File, Format Version 12.00
# Visual Studio 15
VisualStudioVersion = 15.0.27004.2002
MinimumVisualStudioVersion = 10.0.40219.1
Project("{FAE04EC0-301F-11D3-BF4B-00C04F79EFBC}") = "formulario_SQLite.Android", "formulario_SQLite\formulario_SQLite.Android\formulario_SQLite.Android.csproj", "{8757886C-7B69-4015-81F2-5F5D567DB4EE}"
EndProject
Project("{FAE04EC0-301F-11D3-BF4B-00C04F79EFBC}") = "formulario_SQLite", "formulario_SQLite\formulario_SQLite\formulario_SQLite.csproj", "{2C77DFC4-11A6-47F9-82FD-9F396B61BF2D}"
EndProject
Project("{FAE04EC0-301F-11D3-BF4B-00C04F79EFBC}") = "formulario_SQLite.UWP", "formulario_SQLite\formulario_SQLite.UWP\formulario_SQLite.UWP.csproj", "{A38E93FB-D62D-47AA-8786-B2C319CFF1C5}"
EndProject
Project("{FAE04EC0-301F-11D3-BF4B-00C04F79EFBC}") = "formulario_SQLite.iOS", "formulario_SQLite\formulario_SQLite.iOS\formulario_SQLite.iOS.csproj", "{C10679C8-E7F5-4EF1-AB76-65657771D527}"
EndProject
Global
	GlobalSection(SolutionConfigurationPlatforms) = preSolution
		Ad-Hoc|Any CPU = Ad-Hoc|Any CPU
		Ad-Hoc|ARM = Ad-Hoc|ARM
		Ad-Hoc|iPhone = Ad-Hoc|iPhone
		Ad-Hoc|iPhoneSimulator = Ad-Hoc|iPhoneSimulator
		Ad-Hoc|x64 = Ad-Hoc|x64
		Ad-Hoc|x86 = Ad-Hoc|x86
		AppStore|Any CPU = AppStore|Any CPU
		AppStore|ARM = AppStore|ARM
		AppStore|iPhone = AppStore|iPhone
		AppStore|iPhoneSimulator = AppStore|iPhoneSimulator
		AppStore|x64 = AppStore|x64
		AppStore|x86 = AppStore|x86
		Debug|Any CPU = Debug|Any CPU
		Debug|ARM = Debug|ARM
		Debug|iPhone = Debug|iPhone
		Debug|iPhoneSimulator = Debug|iPhoneSimulator
		Debug|x64 = Debug|x64
		Debug|x86 = Debug|x86
		Release|Any CPU = Release|Any CPU
		Release|ARM = Release|ARM
		Release|iPhone = Release|iPhone
		Release|iPhoneSimulator = Release|iPhoneSimulator
		Release|x64 = Release|x64
		Release|x86 = Release|x86
	EndGlobalSection
	GlobalSection(ProjectConfigurationPlatforms) = postSolution
		{8757886C-7B69-4015-81F2-5F5D567DB4EE}.Ad-Hoc|Any CPU.ActiveCfg = Release|Any CPU
		{8757886C-7B69-4015-81F2-5F5D567DB4EE}.Ad-Hoc|Any CPU.Build.0 = Release|Any CPU
		{8757886C-7B69-4015-81F2-5F5D567DB4EE}.Ad-Hoc|Any CPU.Deploy.0 = Release|Any CPU
		{8757886C-7B69-4015-81F2-5F5D567DB4EE}.Ad-Hoc|ARM.ActiveCfg = Release|Any CPU
		{8757886C-7B69-4015-81F2-5F5D567DB4EE}.Ad-Hoc|ARM.Build.0 = Release|Any CPU
		{8757886C-7B69-4015-81F2-5F5D567DB4EE}.Ad-Hoc|ARM.Deploy.0 = Release|Any CPU
		{8757886C-7B69-4015-81F2-5F5D567DB4EE}.Ad-Hoc|iPhone.ActiveCfg = Release|Any CPU
		{8757886C-7B69-4015-81F2-5F5D567DB4EE}.Ad-Hoc|iPhone.Build.0 = Release|Any CPU
		{8757886C-7B69-4015-81F2-5F5D567DB4EE}.Ad-Hoc|iPhone.Deploy.0 = Release|Any CPU
		{8757886C-7B69-4015-81F2-5F5D567DB4EE}.Ad-Hoc|iPhoneSimulator.ActiveCfg = Release|Any CPU
		{8757886C-7B69-4015-81F2-5F5D567DB4EE}.Ad-Hoc|iPhoneSimulator.Build.0 = Release|Any CPU
		{8757886C-7B69-4015-81F2-5F5D567DB4EE}.Ad-Hoc|iPhoneSimulator.Deploy.0 = Release|Any CPU
		{8757886C-7B69-4015-81F2-5F5D567DB4EE}.Ad-Hoc|x64.ActiveCfg = Release|Any CPU
		{8757886C-7B69-4015-81F2-5F5D567DB4EE}.Ad-Hoc|x64.Build.0 = Release|Any CPU
		{8757886C-7B69-4015-81F2-5F5D567DB4EE}.Ad-Hoc|x64.Deploy.0 = Release|Any CPU
		{8757886C-7B69-4015-81F2-5F5D567DB4EE}.Ad-Hoc|x86.ActiveCfg = Release|Any CPU
		{8757886C-7B69-4015-81F2-5F5D567DB4EE}.Ad-Hoc|x86.Build.0 = Release|Any CPU
		{8757886C-7B69-4015-81F2-5F5D567DB4EE}.Ad-Hoc|x86.Deploy.0 = Release|Any CPU
		{8757886C-7B69-4015-81F2-5F5D567DB4EE}.AppStore|Any CPU.ActiveCfg = Release|Any CPU
		{8757886C-7B69-4015-81F2-5F5D567DB4EE}.AppStore|Any CPU.Build.0 = Release|Any CPU
		{8757886C-7B69-4015-81F2-5F5D567DB4EE}.AppStore|Any CPU.Deploy.0 = Release|Any CPU
		{8757886C-7B69-4015-81F2-5F5D567DB4EE}.AppStore|ARM.ActiveCfg = Release|Any CPU
		{8757886C-7B69-4015-81F2-5F5D567DB4EE}.AppStore|ARM.Build.0 = Release|Any CPU
		{8757886C-7B69-4015-81F2-5F5D567DB4EE}.AppStore|ARM.Deploy.0 = Release|Any CPU
		{8757886C-7B69-4015-81F2-5F5D567DB4EE}.AppStore|iPhone.ActiveCfg = Release|Any CPU
		{8757886C-7B69-4015-81F2-5F5D567DB4EE}.AppStore|iPhone.Build.0 = Release|Any CPU
		{8757886C-7B69-4015-81F2-5F5D567DB4EE}.AppStore|iPhone.Deploy.0 = Release|Any CPU
		{8757886C-7B69-4015-81F2-5F5D567DB4EE}.AppStore|iPhoneSimulator.ActiveCfg = Release|Any CPU
		{8757886C-7B69-4015-81F2-5F5D567DB4EE}.AppStore|iPhoneSimulator.Build.0 = Release|Any CPU
		{8757886C-7B69-4015-81F2-5F5D567DB4EE}.AppStore|iPhoneSimulator.Deploy.0 = Release|Any CPU
		{8757886C-7B69-4015-81F2-5F5D567DB4EE}.AppStore|x64.ActiveCfg = Release|Any CPU
		{8757886C-7B69-4015-81F2-5F5D567DB4EE}.AppStore|x64.Build.0 = Release|Any CPU
		{8757886C-7B69-4015-81F2-5F5D567DB4EE}.AppStore|x64.Deploy.0 = Release|Any CPU
		{8757886C-7B69-4015-81F2-5F5D567DB4EE}.AppStore|x86.ActiveCfg = Release|Any CPU
		{8757886C-7B69-4015-81F2-5F5D567DB4EE}.AppStore|x86.Build.0 = Release|Any CPU
		{8757886C-7B69-4015-81F2-5F5D567DB4EE}.AppStore|x86.Deploy.0 = Release|Any CPU
		{8757886C-7B69-4015-81F2-5F5D567DB4EE}.Debug|Any CPU.ActiveCfg = Debug|Any CPU
		{8757886C-7B69-4015-81F2-5F5D567DB4EE}.Debug|Any CPU.Build.0 = Debug|Any CPU
		{8757886C-7B69-4015-81F2-5F5D567DB4EE}.Debug|Any CPU.Deploy.0 = Debug|Any CPU
		{8757886C-7B69-4015-81F2-5F5D567DB4EE}.Debug|ARM.ActiveCfg = Debug|Any CPU
		{8757886C-7B69-4015-81F2-5F5D567DB4EE}.Debug|ARM.Build.0 = Debug|Any CPU
		{8757886C-7B69-4015-81F2-5F5D567DB4EE}.Debug|ARM.Deploy.0 = Debug|Any CPU
		{8757886C-7B69-4015-81F2-5F5D567DB4EE}.Debug|iPhone.ActiveCfg = Debug|Any CPU
		{8757886C-7B69-4015-81F2-5F5D567DB4EE}.Debug|iPhone.Build.0 = Debug|Any CPU
		{8757886C-7B69-4015-81F2-5F5D567DB4EE}.Debug|iPhone.Deploy.0 = Debug|Any CPU
		{8757886C-7B69-4015-81F2-5F5D567DB4EE}.Debug|iPhoneSimulator.ActiveCfg = Debug|Any CPU
		{8757886C-7B69-4015-81F2-5F5D567DB4EE}.Debug|iPhoneSimulator.Build.0 = Debug|Any CPU
		{8757886C-7B69-4015-81F2-5F5D567DB4EE}.Debug|iPhoneSimulator.Deploy.0 = Debug|Any CPU
		{8757886C-7B69-4015-81F2-5F5D567DB4EE}.Debug|x64.ActiveCfg = Debug|Any CPU
		{8757886C-7B69-4015-81F2-5F5D567DB4EE}.Debug|x64.Build.0 = Debug|Any CPU
		{8757886C-7B69-4015-81F2-5F5D567DB4EE}.Debug|x64.Deploy.0 = Debug|Any CPU
		{8757886C-7B69-4015-81F2-5F5D567DB4EE}.Debug|x86.ActiveCfg = Debug|Any CPU
		{8757886C-7B69-4015-81F2-5F5D567DB4EE}.Debug|x86.Build.0 = Debug|Any CPU
		{8757886C-7B69-4015-81F2-5F5D567DB4EE}.Debug|x86.Deploy.0 = Debug|Any CPU
		{8757886C-7B69-4015-81F2-5F5D567DB4EE}.Release|Any CPU.ActiveCfg = Release|Any CPU
		{8757886C-7B69-4015-81F2-5F5D567DB4EE}.Release|Any CPU.Build.0 = Release|Any CPU
		{8757886C-7B69-4015-81F2-5F5D567DB4EE}.Release|Any CPU.Deploy.0 = Release|Any CPU
		{8757886C-7B69-4015-81F2-5F5D567DB4EE}.Release|ARM.ActiveCfg = Release|Any CPU
		{8757886C-7B69-4015-81F2-5F5D567DB4EE}.Release|ARM.Build.0 = Release|Any CPU
		{8757886C-7B69-4015-81F2-5F5D567DB4EE}.Release|ARM.Deploy.0 = Release|Any CPU
		{8757886C-7B69-4015-81F2-5F5D567DB4EE}.Release|iPhone.ActiveCfg = Release|Any CPU
		{8757886C-7B69-4015-81F2-5F5D567DB4EE}.Release|iPhone.Build.0 = Release|Any CPU
		{8757886C-7B69-4015-81F2-5F5D567DB4EE}.Release|iPhone.Deploy.0 = Release|Any CPU
		{8757886C-7B69-4015-81F2-5F5D567DB4EE}.Release|iPhoneSimulator.ActiveCfg = Release|Any CPU
		{8757886C-7B69-4015-81F2-5F5D567DB4EE}.Release|iPhoneSimulator.Build.0 = Release|Any CPU
		{8757886C-7B69-4015-81F2-5F5D567DB4EE}.Release|iPhoneSimulator.Deploy.0 = Release|Any CPU
		{8757886C-7B69-4015-81F2-5F5D567DB4EE}.Release|x64.ActiveCfg = Release|Any CPU
		{8757886C-7B69-4015-81F2-5F5D567DB4EE}.Release|x64.Build.0 = Release|Any CPU
		{8757886C-7B69-4015-81F2-5F5D567DB4EE}.Release|x64.Deploy.0 = Release|Any CPU
		{8757886C-7B69-4015-81F2-5F5D567DB4EE}.Release|x86.ActiveCfg = Release|Any CPU
		{8757886C-7B69-4015-81F2-5F5D567DB4EE}.Release|x86.Build.0 = Release|Any CPU
		{8757886C-7B69-4015-81F2-5F5D567DB4EE}.Release|x86.Deploy.0 = Release|Any CPU
		{2C77DFC4-11A6-47F9-82FD-9F396B61BF2D}.Ad-Hoc|Any CPU.ActiveCfg = Release|Any CPU
		{2C77DFC4-11A6-47F9-82FD-9F396B61BF2D}.Ad-Hoc|Any CPU.Build.0 = Release|Any CPU
		{2C77DFC4-11A6-47F9-82FD-9F396B61BF2D}.Ad-Hoc|ARM.ActiveCfg = Release|Any CPU
		{2C77DFC4-11A6-47F9-82FD-9F396B61BF2D}.Ad-Hoc|ARM.Build.0 = Release|Any CPU
		{2C77DFC4-11A6-47F9-82FD-9F396B61BF2D}.Ad-Hoc|iPhone.ActiveCfg = Release|Any CPU
		{2C77DFC4-11A6-47F9-82FD-9F396B61BF2D}.Ad-Hoc|iPhone.Build.0 = Release|Any CPU
		{2C77DFC4-11A6-47F9-82FD-9F396B61BF2D}.Ad-Hoc|iPhoneSimulator.ActiveCfg = Release|Any CPU
		{2C77DFC4-11A6-47F9-82FD-9F396B61BF2D}.Ad-Hoc|iPhoneSimulator.Build.0 = Release|Any CPU
		{2C77DFC4-11A6-47F9-82FD-9F396B61BF2D}.Ad-Hoc|x64.ActiveCfg = Release|Any CPU
		{2C77DFC4-11A6-47F9-82FD-9F396B61BF2D}.Ad-Hoc|x64.Build.0 = Release|Any CPU
		{2C77DFC4-11A6-47F9-82FD-9F396B61BF2D}.Ad-Hoc|x86.ActiveCfg = Release|Any CPU
		{2C77DFC4-11A6-47F9-82FD-9F396B61BF2D}.Ad-Hoc|x86.Build.0 = Release|Any CPU
		{2C77DFC4-11A6-47F9-82FD-9F396B61BF2D}.AppStore|Any CPU.ActiveCfg = Release|Any CPU
		{2C77DFC4-11A6-47F9-82FD-9F396B61BF2D}.AppStore|Any CPU.Build.0 = Release|Any CPU
		{2C77DFC4-11A6-47F9-82FD-9F396B61BF2D}.AppStore|ARM.ActiveCfg = Release|Any CPU
		{2C77DFC4-11A6-47F9-82FD-9F396B61BF2D}.AppStore|ARM.Build.0 = Release|Any CPU
		{2C77DFC4-11A6-47F9-82FD-9F396B61BF2D}.AppStore|iPhone.ActiveCfg = Release|Any CPU
		{2C77DFC4-11A6-47F9-82FD-9F396B61BF2D}.AppStore|iPhone.Build.0 = Release|Any CPU
		{2C77DFC4-11A6-47F9-82FD-9F396B61BF2D}.AppStore|iPhoneSimulator.ActiveCfg = Release|Any CPU
		{2C77DFC4-11A6-47F9-82FD-9F396B61BF2D}.AppStore|iPhoneSimulator.Build.0 = Release|Any CPU
		{2C77DFC4-11A6-47F9-82FD-9F396B61BF2D}.AppStore|x64.ActiveCfg = Release|Any CPU
		{2C77DFC4-11A6-47F9-82FD-9F396B61BF2D}.AppStore|x64.Build.0 = Release|Any CPU
		{2C77DFC4-11A6-47F9-82FD-9F396B61BF2D}.AppStore|x86.ActiveCfg = Release|Any CPU
		{2C77DFC4-11A6-47F9-82FD-9F396B61BF2D}.AppStore|x86.Build.0 = Release|Any CPU
		{2C77DFC4-11A6-47F9-82FD-9F396B61BF2D}.Debug|Any CPU.ActiveCfg = Debug|Any CPU
		{2C77DFC4-11A6-47F9-82FD-9F396B61BF2D}.Debug|Any CPU.Build.0 = Debug|Any CPU
		{2C77DFC4-11A6-47F9-82FD-9F396B61BF2D}.Debug|ARM.ActiveCfg = Debug|Any CPU
		{2C77DFC4-11A6-47F9-82FD-9F396B61BF2D}.Debug|ARM.Build.0 = Debug|Any CPU
		{2C77DFC4-11A6-47F9-82FD-9F396B61BF2D}.Debug|iPhone.ActiveCfg = Debug|Any CPU
		{2C77DFC4-11A6-47F9-82FD-9F396B61BF2D}.Debug|iPhone.Build.0 = Debug|Any CPU
		{2C77DFC4-11A6-47F9-82FD-9F396B61BF2D}.Debug|iPhoneSimulator.ActiveCfg = Debug|Any CPU
		{2C77DFC4-11A6-47F9-82FD-9F396B61BF2D}.Debug|iPhoneSimulator.Build.0 = Debug|Any CPU
		{2C77DFC4-11A6-47F9-82FD-9F396B61BF2D}.Debug|x64.ActiveCfg = Debug|Any CPU
		{2C77DFC4-11A6-47F9-82FD-9F396B61BF2D}.Debug|x64.Build.0 = Debug|Any CPU
		{2C77DFC4-11A6-47F9-82FD-9F396B61BF2D}.Debug|x86.ActiveCfg = Debug|Any CPU
		{2C77DFC4-11A6-47F9-82FD-9F396B61BF2D}.Debug|x86.Build.0 = Debug|Any CPU
		{2C77DFC4-11A6-47F9-82FD-9F396B61BF2D}.Release|Any CPU.ActiveCfg = Release|Any CPU
		{2C77DFC4-11A6-47F9-82FD-9F396B61BF2D}.Release|Any CPU.Build.0 = Release|Any CPU
		{2C77DFC4-11A6-47F9-82FD-9F396B61BF2D}.Release|ARM.ActiveCfg = Release|Any CPU
		{2C77DFC4-11A6-47F9-82FD-9F396B61BF2D}.Release|ARM.Build.0 = Release|Any CPU
		{2C77DFC4-11A6-47F9-82FD-9F396B61BF2D}.Release|iPhone.ActiveCfg = Release|Any CPU
		{2C77DFC4-11A6-47F9-82FD-9F396B61BF2D}.Release|iPhone.Build.0 = Release|Any CPU
		{2C77DFC4-11A6-47F9-82FD-9F396B61BF2D}.Release|iPhoneSimulator.ActiveCfg = Release|Any CPU
		{2C77DFC4-11A6-47F9-82FD-9F396B61BF2D}.Release|iPhoneSimulator.Build.0 = Release|Any CPU
		{2C77DFC4-11A6-47F9-82FD-9F396B61BF2D}.Release|x64.ActiveCfg = Release|Any CPU
		{2C77DFC4-11A6-47F9-82FD-9F396B61BF2D}.Release|x64.Build.0 = Release|Any CPU
		{2C77DFC4-11A6-47F9-82FD-9F396B61BF2D}.Release|x86.ActiveCfg = Release|Any CPU
		{2C77DFC4-11A6-47F9-82FD-9F396B61BF2D}.Release|x86.Build.0 = Release|Any CPU
		{A38E93FB-D62D-47AA-8786-B2C319CFF1C5}.Ad-Hoc|Any CPU.ActiveCfg = Release|x86
		{A38E93FB-D62D-47AA-8786-B2C319CFF1C5}.Ad-Hoc|Any CPU.Build.0 = Release|x86
		{A38E93FB-D62D-47AA-8786-B2C319CFF1C5}.Ad-Hoc|Any CPU.Deploy.0 = Release|x86
		{A38E93FB-D62D-47AA-8786-B2C319CFF1C5}.Ad-Hoc|ARM.ActiveCfg = Release|ARM
		{A38E93FB-D62D-47AA-8786-B2C319CFF1C5}.Ad-Hoc|ARM.Build.0 = Release|ARM
		{A38E93FB-D62D-47AA-8786-B2C319CFF1C5}.Ad-Hoc|ARM.Deploy.0 = Release|ARM
		{A38E93FB-D62D-47AA-8786-B2C319CFF1C5}.Ad-Hoc|iPhone.ActiveCfg = Release|x86
		{A38E93FB-D62D-47AA-8786-B2C319CFF1C5}.Ad-Hoc|iPhone.Build.0 = Release|x86
		{A38E93FB-D62D-47AA-8786-B2C319CFF1C5}.Ad-Hoc|iPhone.Deploy.0 = Release|x86
		{A38E93FB-D62D-47AA-8786-B2C319CFF1C5}.Ad-Hoc|iPhoneSimulator.ActiveCfg = Release|x86
		{A38E93FB-D62D-47AA-8786-B2C319CFF1C5}.Ad-Hoc|iPhoneSimulator.Build.0 = Release|x86
		{A38E93FB-D62D-47AA-8786-B2C319CFF1C5}.Ad-Hoc|iPhoneSimulator.Deploy.0 = Release|x86
		{A38E93FB-D62D-47AA-8786-B2C319CFF1C5}.Ad-Hoc|x64.ActiveCfg = Release|x64
		{A38E93FB-D62D-47AA-8786-B2C319CFF1C5}.Ad-Hoc|x64.Build.0 = Release|x64
		{A38E93FB-D62D-47AA-8786-B2C319CFF1C5}.Ad-Hoc|x64.Deploy.0 = Release|x64
		{A38E93FB-D62D-47AA-8786-B2C319CFF1C5}.Ad-Hoc|x86.ActiveCfg = Release|x86
		{A38E93FB-D62D-47AA-8786-B2C319CFF1C5}.Ad-Hoc|x86.Build.0 = Release|x86
		{A38E93FB-D62D-47AA-8786-B2C319CFF1C5}.Ad-Hoc|x86.Deploy.0 = Release|x86
		{A38E93FB-D62D-47AA-8786-B2C319CFF1C5}.AppStore|Any CPU.ActiveCfg = Release|x86
		{A38E93FB-D62D-47AA-8786-B2C319CFF1C5}.AppStore|Any CPU.Build.0 = Release|x86
		{A38E93FB-D62D-47AA-8786-B2C319CFF1C5}.AppStore|Any CPU.Deploy.0 = Release|x86
		{A38E93FB-D62D-47AA-8786-B2C319CFF1C5}.AppStore|ARM.ActiveCfg = Release|ARM
		{A38E93FB-D62D-47AA-8786-B2C319CFF1C5}.AppStore|ARM.Build.0 = Release|ARM
		{A38E93FB-D62D-47AA-8786-B2C319CFF1C5}.AppStore|ARM.Deploy.0 = Release|ARM
		{A38E93FB-D62D-47AA-8786-B2C319CFF1C5}.AppStore|iPhone.ActiveCfg = Release|x86
		{A38E93FB-D62D-47AA-8786-B2C319CFF1C5}.AppStore|iPhone.Build.0 = Release|x86
		{A38E93FB-D62D-47AA-8786-B2C319CFF1C5}.AppStore|iPhone.Deploy.0 = Release|x86
		{A38E93FB-D62D-47AA-8786-B2C319CFF1C5}.AppStore|iPhoneSimulator.ActiveCfg = Release|x86
		{A38E93FB-D62D-47AA-8786-B2C319CFF1C5}.AppStore|iPhoneSimulator.Build.0 = Release|x86
		{A38E93FB-D62D-47AA-8786-B2C319CFF1C5}.AppStore|iPhoneSimulator.Deploy.0 = Release|x86
		{A38E93FB-D62D-47AA-8786-B2C319CFF1C5}.AppStore|x64.ActiveCfg = Release|x64
		{A38E93FB-D62D-47AA-8786-B2C319CFF1C5}.AppStore|x64.Build.0 = Release|x64
		{A38E93FB-D62D-47AA-8786-B2C319CFF1C5}.AppStore|x64.Deploy.0 = Release|x64
		{A38E93FB-D62D-47AA-8786-B2C319CFF1C5}.AppStore|x86.ActiveCfg = Release|x86
		{A38E93FB-D62D-47AA-8786-B2C319CFF1C5}.AppStore|x86.Build.0 = Release|x86
		{A38E93FB-D62D-47AA-8786-B2C319CFF1C5}.AppStore|x86.Deploy.0 = Release|x86
		{A38E93FB-D62D-47AA-8786-B2C319CFF1C5}.Debug|Any CPU.ActiveCfg = Debug|x86
		{A38E93FB-D62D-47AA-8786-B2C319CFF1C5}.Debug|ARM.ActiveCfg = Debug|ARM
		{A38E93FB-D62D-47AA-8786-B2C319CFF1C5}.Debug|ARM.Build.0 = Debug|ARM
		{A38E93FB-D62D-47AA-8786-B2C319CFF1C5}.Debug|ARM.Deploy.0 = Debug|ARM
		{A38E93FB-D62D-47AA-8786-B2C319CFF1C5}.Debug|iPhone.ActiveCfg = Debug|x86
		{A38E93FB-D62D-47AA-8786-B2C319CFF1C5}.Debug|iPhoneSimulator.ActiveCfg = Debug|x86
		{A38E93FB-D62D-47AA-8786-B2C319CFF1C5}.Debug|x64.ActiveCfg = Debug|x64
		{A38E93FB-D62D-47AA-8786-B2C319CFF1C5}.Debug|x64.Build.0 = Debug|x64
		{A38E93FB-D62D-47AA-8786-B2C319CFF1C5}.Debug|x64.Deploy.0 = Debug|x64
		{A38E93FB-D62D-47AA-8786-B2C319CFF1C5}.Debug|x86.ActiveCfg = Debug|x86
		{A38E93FB-D62D-47AA-8786-B2C319CFF1C5}.Debug|x86.Build.0 = Debug|x86
		{A38E93FB-D62D-47AA-8786-B2C319CFF1C5}.Debug|x86.Deploy.0 = Debug|x86
		{A38E93FB-D62D-47AA-8786-B2C319CFF1C5}.Release|Any CPU.ActiveCfg = Release|x86
		{A38E93FB-D62D-47AA-8786-B2C319CFF1C5}.Release|ARM.ActiveCfg = Release|ARM
		{A38E93FB-D62D-47AA-8786-B2C319CFF1C5}.Release|ARM.Build.0 = Release|ARM
		{A38E93FB-D62D-47AA-8786-B2C319CFF1C5}.Release|ARM.Deploy.0 = Release|ARM
		{A38E93FB-D62D-47AA-8786-B2C319CFF1C5}.Release|iPhone.ActiveCfg = Release|x86
		{A38E93FB-D62D-47AA-8786-B2C319CFF1C5}.Release|iPhoneSimulator.ActiveCfg = Release|x86
		{A38E93FB-D62D-47AA-8786-B2C319CFF1C5}.Release|x64.ActiveCfg = Release|x64
		{A38E93FB-D62D-47AA-8786-B2C319CFF1C5}.Release|x64.Build.0 = Release|x64
		{A38E93FB-D62D-47AA-8786-B2C319CFF1C5}.Release|x64.Deploy.0 = Release|x64
		{A38E93FB-D62D-47AA-8786-B2C319CFF1C5}.Release|x86.ActiveCfg = Release|x86
		{A38E93FB-D62D-47AA-8786-B2C319CFF1C5}.Release|x86.Build.0 = Release|x86
		{A38E93FB-D62D-47AA-8786-B2C319CFF1C5}.Release|x86.Deploy.0 = Release|x86
		{C10679C8-E7F5-4EF1-AB76-65657771D527}.Ad-Hoc|Any CPU.ActiveCfg = Ad-Hoc|iPhoneSimulator
		{C10679C8-E7F5-4EF1-AB76-65657771D527}.Ad-Hoc|ARM.ActiveCfg = Ad-Hoc|iPhone
		{C10679C8-E7F5-4EF1-AB76-65657771D527}.Ad-Hoc|iPhone.ActiveCfg = Ad-Hoc|iPhone
		{C10679C8-E7F5-4EF1-AB76-65657771D527}.Ad-Hoc|iPhone.Build.0 = Ad-Hoc|iPhone
		{C10679C8-E7F5-4EF1-AB76-65657771D527}.Ad-Hoc|iPhoneSimulator.ActiveCfg = Ad-Hoc|iPhoneSimulator
		{C10679C8-E7F5-4EF1-AB76-65657771D527}.Ad-Hoc|iPhoneSimulator.Build.0 = Ad-Hoc|iPhoneSimulator
		{C10679C8-E7F5-4EF1-AB76-65657771D527}.Ad-Hoc|x64.ActiveCfg = Ad-Hoc|iPhone
		{C10679C8-E7F5-4EF1-AB76-65657771D527}.Ad-Hoc|x86.ActiveCfg = Ad-Hoc|iPhone
		{C10679C8-E7F5-4EF1-AB76-65657771D527}.AppStore|Any CPU.ActiveCfg = AppStore|iPhoneSimulator
		{C10679C8-E7F5-4EF1-AB76-65657771D527}.AppStore|ARM.ActiveCfg = AppStore|iPhone
		{C10679C8-E7F5-4EF1-AB76-65657771D527}.AppStore|iPhone.ActiveCfg = AppStore|iPhone
		{C10679C8-E7F5-4EF1-AB76-65657771D527}.AppStore|iPhone.Build.0 = AppStore|iPhone
		{C10679C8-E7F5-4EF1-AB76-65657771D527}.AppStore|iPhoneSimulator.ActiveCfg = AppStore|iPhoneSimulator
		{C10679C8-E7F5-4EF1-AB76-65657771D527}.AppStore|iPhoneSimulator.Build.0 = AppStore|iPhoneSimulator
		{C10679C8-E7F5-4EF1-AB76-65657771D527}.AppStore|x64.ActiveCfg = AppStore|iPhone
		{C10679C8-E7F5-4EF1-AB76-65657771D527}.AppStore|x86.ActiveCfg = AppStore|iPhone
		{C10679C8-E7F5-4EF1-AB76-65657771D527}.Debug|Any CPU.ActiveCfg = Debug|iPhoneSimulator
		{C10679C8-E7F5-4EF1-AB76-65657771D527}.Debug|Any CPU.Build.0 = Debug|iPhoneSimulator
		{C10679C8-E7F5-4EF1-AB76-65657771D527}.Debug|ARM.ActiveCfg = Debug|iPhone
		{C10679C8-E7F5-4EF1-AB76-65657771D527}.Debug|iPhone.ActiveCfg = Debug|iPhone
		{C10679C8-E7F5-4EF1-AB76-65657771D527}.Debug|iPhone.Build.0 = Debug|iPhone
		{C10679C8-E7F5-4EF1-AB76-65657771D527}.Debug|iPhoneSimulator.ActiveCfg = Debug|iPhoneSimulator
		{C10679C8-E7F5-4EF1-AB76-65657771D527}.Debug|iPhoneSimulator.Build.0 = Debug|iPhoneSimulator
		{C10679C8-E7F5-4EF1-AB76-65657771D527}.Debug|x64.ActiveCfg = Debug|iPhone
		{C10679C8-E7F5-4EF1-AB76-65657771D527}.Debug|x86.ActiveCfg = Debug|iPhone
		{C10679C8-E7F5-4EF1-AB76-65657771D527}.Release|Any CPU.ActiveCfg = Release|iPhoneSimulator
		{C10679C8-E7F5-4EF1-AB76-65657771D527}.Release|ARM.ActiveCfg = Release|iPhone
		{C10679C8-E7F5-4EF1-AB76-65657771D527}.Release|iPhone.ActiveCfg = Release|iPhone
		{C10679C8-E7F5-4EF1-AB76-65657771D527}.Release|iPhone.Build.0 = Release|iPhone
		{C10679C8-E7F5-4EF1-AB76-65657771D527}.Release|iPhoneSimulator.ActiveCfg = Release|iPhoneSimulator
		{C10679C8-E7F5-4EF1-AB76-65657771D527}.Release|iPhoneSimulator.Build.0 = Release|iPhoneSimulator
		{C10679C8-E7F5-4EF1-AB76-65657771D527}.Release|x64.ActiveCfg = Release|iPhone
		{C10679C8-E7F5-4EF1-AB76-65657771D527}.Release|x86.ActiveCfg = Release|iPhone
	EndGlobalSection
	GlobalSection(SolutionProperties) = preSolution
		HideSolutionNode = FALSE
	EndGlobalSection
	GlobalSection(ExtensibilityGlobals) = postSolution
		SolutionGuid = {F0AB8CB2-B912-41B8-8D39-5C2BE379202A}
	EndGlobalSection
EndGlobal
